# THIS IS AN AUTOGENERATED FILE. DO NOT EDIT THIS FILE DIRECTLY.
# yarn lockfile v1


"@minsize/utils@^0.0.17":
  version "0.0.17"
  resolved "https://registry.yarnpkg.com/@minsize/utils/-/utils-0.0.17.tgz#f9731f2bcfcf348ac0ac1653277c726923bbbe19"
  integrity sha512-H2XCGWfHkOYnPO7TG7FuumTbEEcspohTjuA7vvEM4sKNpU5jmVGKDzW+mb0ZA+mnL/8Vv8pAQSuEpkmWkTC2FQ==
