# THIS IS AN AUTOGENERATED FILE. DO NOT EDIT THIS FILE DIRECTLY.
# yarn lockfile v1


"@minsize/utils@^0.0.19":
  version "0.0.19"
  resolved "https://registry.yarnpkg.com/@minsize/utils/-/utils-0.0.19.tgz#04cfb7c130ee24f0001195def44586a24bd5e6f0"
  integrity sha512-PefZDJsMcE5Or1iH7EsvOrfBxyTpxPKx0WOZF4PJluyqWY4oluqY8LhZZoJA7ySd12tILWNoUZPtK9JcmnM4yQ==
